
Microsoft Visual Studio Solution File, Format Version 12.00
# Visual Studio Version 17
VisualStudioVersion = 17.9.34607.119
MinimumVisualStudioVersion = 10.0.40219.1
Project("{9A19103F-16F7-4668-BE54-9A1E7A4F7556}") = "eXtensionSharp.AspNet", "src\eXtensionSharp.AspNet.csproj", "{496B0B49-E757-4E70-8E9C-F1341DE16859}"
EndProject
Project("{FAE04EC0-301F-11D3-BF4B-00C04F79EFBC}") = "eXtensionSharp.AspNet.Test", "test\eXtensionSharp.AspNet.Test\eXtensionSharp.AspNet.Test.csproj", "{B4BC39D1-3F4A-415B-9ADF-200378A4415C}"
EndProject
Global
	GlobalSection(SolutionConfigurationPlatforms) = preSolution
		Debug|Any CPU = Debug|Any CPU
		Release|Any CPU = Release|Any CPU
	EndGlobalSection
	GlobalSection(ProjectConfigurationPlatforms) = postSolution
		{496B0B49-E757-4E70-8E9C-F1341DE16859}.Debug|Any CPU.ActiveCfg = Debug|Any CPU
		{496B0B49-E757-4E70-8E9C-F1341DE16859}.Debug|Any CPU.Build.0 = Debug|Any CPU
		{496B0B49-E757-4E70-8E9C-F1341DE16859}.Release|Any CPU.ActiveCfg = Release|Any CPU
		{496B0B49-E757-4E70-8E9C-F1341DE16859}.Release|Any CPU.Build.0 = Release|Any CPU
		{B4BC39D1-3F4A-415B-9ADF-200378A4415C}.Debug|Any CPU.ActiveCfg = Debug|Any CPU
		{B4BC39D1-3F4A-415B-9ADF-200378A4415C}.Debug|Any CPU.Build.0 = Debug|Any CPU
		{B4BC39D1-3F4A-415B-9ADF-200378A4415C}.Release|Any CPU.ActiveCfg = Release|Any CPU
		{B4BC39D1-3F4A-415B-9ADF-200378A4415C}.Release|Any CPU.Build.0 = Release|Any CPU
	EndGlobalSection
	GlobalSection(SolutionProperties) = preSolution
		HideSolutionNode = FALSE
	EndGlobalSection
	GlobalSection(ExtensibilityGlobals) = postSolution
		SolutionGuid = {E247A2A7-83A5-494A-94BB-97FB9CC0AAF8}
	EndGlobalSection
EndGlobal
